
Microsoft Visual Studio Solution File, Format Version 12.00
# Visual Studio Version 16
VisualStudioVersion = 16.0.30225.117
MinimumVisualStudioVersion = 10.0.40219.1
Project("{9A19103F-16F7-4668-BE54-9A1E7A4F7556}") = "blogsoidev", "blog-soidev\blogsoidev.csproj", "{EE8BC7DF-BDDC-49EE-A414-14B0AB403D08}"
EndProject
Global
	GlobalSection(SolutionConfigurationPlatforms) = preSolution
		Debug|Any CPU = Debug|Any CPU
		Release|Any CPU = Release|Any CPU
	EndGlobalSection
	GlobalSection(ProjectConfigurationPlatforms) = postSolution
		{EE8BC7DF-BDDC-49EE-A414-14B0AB403D08}.Debug|Any CPU.ActiveCfg = Debug|Any CPU
		{EE8BC7DF-BDDC-49EE-A414-14B0AB403D08}.Debug|Any CPU.Build.0 = Debug|Any CPU
		{EE8BC7DF-BDDC-49EE-A414-14B0AB403D08}.Release|Any CPU.ActiveCfg = Release|Any CPU
		{EE8BC7DF-BDDC-49EE-A414-14B0AB403D08}.Release|Any CPU.Build.0 = Release|Any CPU
	EndGlobalSection
	GlobalSection(SolutionProperties) = preSolution
		HideSolutionNode = FALSE
	EndGlobalSection
	GlobalSection(ExtensibilityGlobals) = postSolution
		SolutionGuid = {0784F323-A0EC-49AC-82BC-DAB7861E2A71}
	EndGlobalSection
EndGlobal
