
Microsoft Visual Studio Solution File, Format Version 12.00
# Visual Studio Version 16
VisualStudioVersion = 16.0.30225.117
MinimumVisualStudioVersion = 10.0.40219.1
Project("{9A19103F-16F7-4668-BE54-9A1E7A4F7556}") = "APICore", "APICore\APICore.csproj", "{ACD367B6-6439-4A8C-A9A1-C08B522998DE}"
EndProject
Project("{2150E333-8FDC-42A3-9474-1A3956D46DE8}") = "Infrastructure", "Infrastructure", "{EF1F7758-FBF8-48CE-9E34-1AE83CEC644E}"
EndProject
Project("{2150E333-8FDC-42A3-9474-1A3956D46DE8}") = "CrossCutting", "CrossCutting", "{FB02E177-3179-4714-A49B-8BF0AF8C3369}"
EndProject
Project("{2150E333-8FDC-42A3-9474-1A3956D46DE8}") = "Data", "Data", "{024A72DC-C806-4F7D-895E-E7B3385997E1}"
EndProject
Project("{2150E333-8FDC-42A3-9474-1A3956D46DE8}") = "Domain", "Domain", "{13DFF87A-8F6C-403C-BAB6-C67D23A10393}"
EndProject
Project("{9A19103F-16F7-4668-BE54-9A1E7A4F7556}") = "APICore.Domain", "Domain\APICore.Domain\APICore.Domain.csproj", "{4BFB7EAB-8A8D-4AF7-8C58-8A3C88FFAAF0}"
EndProject
Project("{9A19103F-16F7-4668-BE54-9A1E7A4F7556}") = "APICore.Domain.Core", "Domain\APICore.Domain.Core\APICore.Domain.Core.csproj", "{BF920044-261F-4393-A668-E834D0146C43}"
EndProject
Project("{9A19103F-16F7-4668-BE54-9A1E7A4F7556}") = "APICore.Infrastructure.Data", "Infrastructure\Data\APICore.Infrastructure.Data\APICore.Infrastructure.Data.csproj", "{7C21AD9C-F3CD-426E-B7FC-EEE628C2BC8E}"
EndProject
Project("{9A19103F-16F7-4668-BE54-9A1E7A4F7556}") = "APICore.Infrastructure.CrossCutting.Bus", "Infrastructure\CrossCutting\APICore.Infrastructure.CrossCutting.Bus\APICore.Infrastructure.CrossCutting.Bus.csproj", "{2F0E3D43-5CF3-4FE7-8D45-09A5DBC40CC7}"
EndProject
Project("{9A19103F-16F7-4668-BE54-9A1E7A4F7556}") = "APICore.Infrastructure.CrossCutting.Indentity", "Infrastructure\CrossCutting\APICore.Infrastructure.CrossCutting.Indentity\APICore.Infrastructure.CrossCutting.Indentity.csproj", "{B64730D6-F05A-4587-ACE3-3F2C66EDC0CE}"
EndProject
Project("{9A19103F-16F7-4668-BE54-9A1E7A4F7556}") = "APICore.Infrastructure.CrossCutting.Indentity.MongoDb", "Infrastructure\CrossCutting\APICore.Infrastructure.CrossCutting.Indentity.MongoDb\APICore.Infrastructure.CrossCutting.Indentity.MongoDb.csproj", "{11ACE118-ABDD-4A49-8872-EAAD4804F723}"
EndProject
Project("{9A19103F-16F7-4668-BE54-9A1E7A4F7556}") = "APICore.Infrastructure.CrossCutting.IoC", "Infrastructure\CrossCutting\APICore.Infrastructure.CrossCutting.IoC\APICore.Infrastructure.CrossCutting.IoC.csproj", "{1E3B9A3B-BD01-4631-B777-F47B68E969C9}"
EndProject
Project("{2150E333-8FDC-42A3-9474-1A3956D46DE8}") = "Application", "Application", "{B4D85FD7-5B49-43F4-820E-B8683ADE14D0}"
EndProject
Project("{9A19103F-16F7-4668-BE54-9A1E7A4F7556}") = "APICore.Application", "Application\APICore.Application\APICore.Application.csproj", "{DD308852-EFDB-499E-AE6B-A8BCE64B94D4}"
EndProject
Global
	GlobalSection(SolutionConfigurationPlatforms) = preSolution
		Debug|Any CPU = Debug|Any CPU
		Release|Any CPU = Release|Any CPU
	EndGlobalSection
	GlobalSection(ProjectConfigurationPlatforms) = postSolution
		{ACD367B6-6439-4A8C-A9A1-C08B522998DE}.Debug|Any CPU.ActiveCfg = Debug|Any CPU
		{ACD367B6-6439-4A8C-A9A1-C08B522998DE}.Debug|Any CPU.Build.0 = Debug|Any CPU
		{ACD367B6-6439-4A8C-A9A1-C08B522998DE}.Release|Any CPU.ActiveCfg = Release|Any CPU
		{ACD367B6-6439-4A8C-A9A1-C08B522998DE}.Release|Any CPU.Build.0 = Release|Any CPU
		{4BFB7EAB-8A8D-4AF7-8C58-8A3C88FFAAF0}.Debug|Any CPU.ActiveCfg = Debug|Any CPU
		{4BFB7EAB-8A8D-4AF7-8C58-8A3C88FFAAF0}.Debug|Any CPU.Build.0 = Debug|Any CPU
		{4BFB7EAB-8A8D-4AF7-8C58-8A3C88FFAAF0}.Release|Any CPU.ActiveCfg = Release|Any CPU
		{4BFB7EAB-8A8D-4AF7-8C58-8A3C88FFAAF0}.Release|Any CPU.Build.0 = Release|Any CPU
		{BF920044-261F-4393-A668-E834D0146C43}.Debug|Any CPU.ActiveCfg = Debug|Any CPU
		{BF920044-261F-4393-A668-E834D0146C43}.Debug|Any CPU.Build.0 = Debug|Any CPU
		{BF920044-261F-4393-A668-E834D0146C43}.Release|Any CPU.ActiveCfg = Release|Any CPU
		{BF920044-261F-4393-A668-E834D0146C43}.Release|Any CPU.Build.0 = Release|Any CPU
		{7C21AD9C-F3CD-426E-B7FC-EEE628C2BC8E}.Debug|Any CPU.ActiveCfg = Debug|Any CPU
		{7C21AD9C-F3CD-426E-B7FC-EEE628C2BC8E}.Debug|Any CPU.Build.0 = Debug|Any CPU
		{7C21AD9C-F3CD-426E-B7FC-EEE628C2BC8E}.Release|Any CPU.ActiveCfg = Release|Any CPU
		{7C21AD9C-F3CD-426E-B7FC-EEE628C2BC8E}.Release|Any CPU.Build.0 = Release|Any CPU
		{2F0E3D43-5CF3-4FE7-8D45-09A5DBC40CC7}.Debug|Any CPU.ActiveCfg = Debug|Any CPU
		{2F0E3D43-5CF3-4FE7-8D45-09A5DBC40CC7}.Debug|Any CPU.Build.0 = Debug|Any CPU
		{2F0E3D43-5CF3-4FE7-8D45-09A5DBC40CC7}.Release|Any CPU.ActiveCfg = Release|Any CPU
		{2F0E3D43-5CF3-4FE7-8D45-09A5DBC40CC7}.Release|Any CPU.Build.0 = Release|Any CPU
		{B64730D6-F05A-4587-ACE3-3F2C66EDC0CE}.Debug|Any CPU.ActiveCfg = Debug|Any CPU
		{B64730D6-F05A-4587-ACE3-3F2C66EDC0CE}.Debug|Any CPU.Build.0 = Debug|Any CPU
		{B64730D6-F05A-4587-ACE3-3F2C66EDC0CE}.Release|Any CPU.ActiveCfg = Release|Any CPU
		{B64730D6-F05A-4587-ACE3-3F2C66EDC0CE}.Release|Any CPU.Build.0 = Release|Any CPU
		{11ACE118-ABDD-4A49-8872-EAAD4804F723}.Debug|Any CPU.ActiveCfg = Debug|Any CPU
		{11ACE118-ABDD-4A49-8872-EAAD4804F723}.Debug|Any CPU.Build.0 = Debug|Any CPU
		{11ACE118-ABDD-4A49-8872-EAAD4804F723}.Release|Any CPU.ActiveCfg = Release|Any CPU
		{11ACE118-ABDD-4A49-8872-EAAD4804F723}.Release|Any CPU.Build.0 = Release|Any CPU
		{1E3B9A3B-BD01-4631-B777-F47B68E969C9}.Debug|Any CPU.ActiveCfg = Debug|Any CPU
		{1E3B9A3B-BD01-4631-B777-F47B68E969C9}.Debug|Any CPU.Build.0 = Debug|Any CPU
		{1E3B9A3B-BD01-4631-B777-F47B68E969C9}.Release|Any CPU.ActiveCfg = Release|Any CPU
		{1E3B9A3B-BD01-4631-B777-F47B68E969C9}.Release|Any CPU.Build.0 = Release|Any CPU
		{DD308852-EFDB-499E-AE6B-A8BCE64B94D4}.Debug|Any CPU.ActiveCfg = Debug|Any CPU
		{DD308852-EFDB-499E-AE6B-A8BCE64B94D4}.Debug|Any CPU.Build.0 = Debug|Any CPU
		{DD308852-EFDB-499E-AE6B-A8BCE64B94D4}.Release|Any CPU.ActiveCfg = Release|Any CPU
		{DD308852-EFDB-499E-AE6B-A8BCE64B94D4}.Release|Any CPU.Build.0 = Release|Any CPU
	EndGlobalSection
	GlobalSection(SolutionProperties) = preSolution
		HideSolutionNode = FALSE
	EndGlobalSection
	GlobalSection(NestedProjects) = preSolution
		{FB02E177-3179-4714-A49B-8BF0AF8C3369} = {EF1F7758-FBF8-48CE-9E34-1AE83CEC644E}
		{024A72DC-C806-4F7D-895E-E7B3385997E1} = {EF1F7758-FBF8-48CE-9E34-1AE83CEC644E}
		{4BFB7EAB-8A8D-4AF7-8C58-8A3C88FFAAF0} = {13DFF87A-8F6C-403C-BAB6-C67D23A10393}
		{BF920044-261F-4393-A668-E834D0146C43} = {13DFF87A-8F6C-403C-BAB6-C67D23A10393}
		{7C21AD9C-F3CD-426E-B7FC-EEE628C2BC8E} = {024A72DC-C806-4F7D-895E-E7B3385997E1}
		{2F0E3D43-5CF3-4FE7-8D45-09A5DBC40CC7} = {FB02E177-3179-4714-A49B-8BF0AF8C3369}
		{B64730D6-F05A-4587-ACE3-3F2C66EDC0CE} = {FB02E177-3179-4714-A49B-8BF0AF8C3369}
		{11ACE118-ABDD-4A49-8872-EAAD4804F723} = {FB02E177-3179-4714-A49B-8BF0AF8C3369}
		{1E3B9A3B-BD01-4631-B777-F47B68E969C9} = {FB02E177-3179-4714-A49B-8BF0AF8C3369}
		{DD308852-EFDB-499E-AE6B-A8BCE64B94D4} = {B4D85FD7-5B49-43F4-820E-B8683ADE14D0}
	EndGlobalSection
	GlobalSection(ExtensibilityGlobals) = postSolution
		SolutionGuid = {F982552C-F448-496F-8A04-3EA67B83290E}
	EndGlobalSection
EndGlobal
